// !$*UTF8*$!
{
	archiveVersion = 1;
	classes = {
	};
	objectVersion = 46;
	objects = {

/* Begin PBXBuildFile section */
		064904FF1727F4CC00B06212 /* CloseNormal.png in Resources */ = {isa = PBXBuildFile; fileRef = 064904F31727F4CC00B06212 /* CloseNormal.png */; };
		064905001727F4CC00B06212 /* CloseSelected.png in Resources */ = {isa = PBXBuildFile; fileRef = 064904F41727F4CC00B06212 /* CloseSelected.png */; };
		064905041727F4CC00B06212 /* HelloWorld.png in Resources */ = {isa = PBXBuildFile; fileRef = 064904F81727F4CC00B06212 /* HelloWorld.png */; };
		06490FCB1727F64500B06212 /* CSAnimation.cpp in Sources */ = {isa = PBXBuildFile; fileRef = 06490F3F1727F64500B06212 /* CSAnimation.cpp */; };
		06490FCC1727F64500B06212 /* CSProcessBase.cpp in Sources */ = {isa = PBXBuildFile; fileRef = 06490F411727F64500B06212 /* CSProcessBase.cpp */; };
		06490FCD1727F64500B06212 /* CSTween.cpp in Sources */ = {isa = PBXBuildFile; fileRef = 06490F431727F64500B06212 /* CSTween.cpp */; };
		06490FCE1727F64500B06212 /* CSArmature.cpp in Sources */ = {isa = PBXBuildFile; fileRef = 06490F451727F64500B06212 /* CSArmature.cpp */; };
		06490FCF1727F64500B06212 /* CSBone.cpp in Sources */ = {isa = PBXBuildFile; fileRef = 06490F471727F64500B06212 /* CSBone.cpp */; };
		06490FE01727F64500B06212 /* CSDecorativeDisplay.cpp in Sources */ = {isa = PBXBuildFile; fileRef = 06490F6C1727F64500B06212 /* CSDecorativeDisplay.cpp */; };
		06490FE11727F64500B06212 /* CSDisplayManager.cpp in Sources */ = {isa = PBXBuildFile; fileRef = 06490F6E1727F64500B06212 /* CSDisplayManager.cpp */; };
		06490FE21727F64500B06212 /* CSShaderNode.cpp in Sources */ = {isa = PBXBuildFile; fileRef = 06490F701727F64500B06212 /* CSShaderNode.cpp */; };
		06490FF11727F64500B06212 /* CCTexture2DMutable.cpp in Sources */ = {isa = PBXBuildFile; fileRef = 06490F911727F64500B06212 /* CCTexture2DMutable.cpp */; };
		06490FF31727F64500B06212 /* CSContentJsonDictionary.cpp in Sources */ = {isa = PBXBuildFile; fileRef = 06490F961727F64500B06212 /* CSContentJsonDictionary.cpp */; };
		06490FF41727F64500B06212 /* json_internalarray.inl in Resources */ = {isa = PBXBuildFile; fileRef = 06490FA31727F64500B06212 /* json_internalarray.inl */; };
		06490FF51727F64500B06212 /* json_internalmap.inl in Resources */ = {isa = PBXBuildFile; fileRef = 06490FA41727F64500B06212 /* json_internalmap.inl */; };
		06490FF61727F64500B06212 /* json_reader.cpp in Sources */ = {isa = PBXBuildFile; fileRef = 06490FA51727F64500B06212 /* json_reader.cpp */; };
		06490FF71727F64500B06212 /* json_value.cpp in Sources */ = {isa = PBXBuildFile; fileRef = 06490FA71727F64500B06212 /* json_value.cpp */; };
		06490FF81727F64500B06212 /* json_valueiterator.inl in Resources */ = {isa = PBXBuildFile; fileRef = 06490FA81727F64500B06212 /* json_valueiterator.inl */; };
		06490FF91727F64500B06212 /* json_writer.cpp in Sources */ = {isa = PBXBuildFile; fileRef = 06490FA91727F64500B06212 /* json_writer.cpp */; };
		06490FFA1727F64500B06212 /* sconscript in Resources */ = {isa = PBXBuildFile; fileRef = 06490FAA1727F64500B06212 /* sconscript */; };
		06490FFB1727F64500B06212 /* tinystr.cpp in Sources */ = {isa = PBXBuildFile; fileRef = 06490FAD1727F64500B06212 /* tinystr.cpp */; };
		06490FFC1727F64500B06212 /* tinyxml.cpp in Sources */ = {isa = PBXBuildFile; fileRef = 06490FAF1727F64500B06212 /* tinyxml.cpp */; };
		06490FFD1727F64500B06212 /* tinyxmlerror.cpp in Sources */ = {isa = PBXBuildFile; fileRef = 06490FB11727F64500B06212 /* tinyxmlerror.cpp */; };
		06490FFE1727F64500B06212 /* tinyxmlparser.cpp in Sources */ = {isa = PBXBuildFile; fileRef = 06490FB21727F64500B06212 /* tinyxmlparser.cpp */; };
		064910011727F64500B06212 /* CSArmatureDataManager.cpp in Sources */ = {isa = PBXBuildFile; fileRef = 06490FB91727F64500B06212 /* CSArmatureDataManager.cpp */; };
		064910041727F64500B06212 /* CSDataReaderHelper.cpp in Sources */ = {isa = PBXBuildFile; fileRef = 06490FC11727F64500B06212 /* CSDataReaderHelper.cpp */; };
		064910051727F64500B06212 /* CSSpriteFrameCacheHelper.cpp in Sources */ = {isa = PBXBuildFile; fileRef = 06490FC31727F64500B06212 /* CSSpriteFrameCacheHelper.cpp */; };
		064910061727F64500B06212 /* CSTransformHelp.cpp in Sources */ = {isa = PBXBuildFile; fileRef = 06490FC51727F64500B06212 /* CSTransformHelp.cpp */; };
		064910071727F64500B06212 /* CSTweenFunction.cpp in Sources */ = {isa = PBXBuildFile; fileRef = 06490FC71727F64500B06212 /* CSTweenFunction.cpp */; };
		064910081727F64500B06212 /* CSUtilMath.cpp in Sources */ = {isa = PBXBuildFile; fileRef = 06490FC91727F64500B06212 /* CSUtilMath.cpp */; };
		064910CA1727FCEE00B06212 /* libcocos2dx.a in Frameworks */ = {isa = PBXBuildFile; fileRef = 06490F3C1727F54700B06212 /* libcocos2dx.a */; };
		064910DB1727FF0700B06212 /* CSBatchNode.cpp in Sources */ = {isa = PBXBuildFile; fileRef = 064910D51727FF0700B06212 /* CSBatchNode.cpp */; };
		064910DC1727FF0700B06212 /* CSDisplayFactory.cpp in Sources */ = {isa = PBXBuildFile; fileRef = 064910D71727FF0700B06212 /* CSDisplayFactory.cpp */; };
		064910DD1727FF0700B06212 /* CSSkin.cpp in Sources */ = {isa = PBXBuildFile; fileRef = 064910D91727FF0700B06212 /* CSSkin.cpp */; };
		064910E01727FF1700B06212 /* CSDatas.cpp in Sources */ = {isa = PBXBuildFile; fileRef = 064910DE1727FF1700B06212 /* CSDatas.cpp */; };
		1D60589F0D05DD5A006BFB54 /* Foundation.framework in Frameworks */ = {isa = PBXBuildFile; fileRef = 1D30AB110D05D00D00671497 /* Foundation.framework */; };
		1DF5F4E00D08C38300B7A737 /* UIKit.framework in Frameworks */ = {isa = PBXBuildFile; fileRef = 1DF5F4DF0D08C38300B7A737 /* UIKit.framework */; };
		288765A50DF7441C002DB57D /* CoreGraphics.framework in Frameworks */ = {isa = PBXBuildFile; fileRef = 288765A40DF7441C002DB57D /* CoreGraphics.framework */; };
		376ABD27173794FC00828B83 /* VisibleRect.cpp in Sources */ = {isa = PBXBuildFile; fileRef = 376ABD25173794FC00828B83 /* VisibleRect.cpp */; };
		376ABD731737963B00828B83 /* Armature in Resources */ = {isa = PBXBuildFile; fileRef = 376ABD6F1737963B00828B83 /* Armature */; };
		376ABD741737963B00828B83 /* bg.jpg in Resources */ = {isa = PBXBuildFile; fileRef = 376ABD701737963B00828B83 /* bg.jpg */; };
		376ABD751737963B00828B83 /* Images in Resources */ = {isa = PBXBuildFile; fileRef = 376ABD711737963B00828B83 /* Images */; };
		376ABD761737963B00828B83 /* Particle in Resources */ = {isa = PBXBuildFile; fileRef = 376ABD721737963B00828B83 /* Particle */; };
		BF1373EF128A898400D9F789 /* OpenGLES.framework in Frameworks */ = {isa = PBXBuildFile; fileRef = BF492D4B1289302400A09262 /* OpenGLES.framework */; };
		BF1373F0128A899500D9F789 /* libxml2.dylib in Frameworks */ = {isa = PBXBuildFile; fileRef = BF492C21128924A800A09262 /* libxml2.dylib */; };
		BF1373F1128A899E00D9F789 /* libz.dylib in Frameworks */ = {isa = PBXBuildFile; fileRef = BF492B6912891AC600A09262 /* libz.dylib */; };
		BF13742F128A8E6A00D9F789 /* QuartzCore.framework in Frameworks */ = {isa = PBXBuildFile; fileRef = BF137426128A8E4600D9F789 /* QuartzCore.framework */; };
		BF23D4E7143315EB00657E08 /* AppDelegate.cpp in Sources */ = {isa = PBXBuildFile; fileRef = BF23D4E3143315EB00657E08 /* AppDelegate.cpp */; };
		BF23D4E8143315EB00657E08 /* HelloWorldScene.cpp in Sources */ = {isa = PBXBuildFile; fileRef = BF23D4E5143315EB00657E08 /* HelloWorldScene.cpp */; };
		BF365AA812A103F70050DCF4 /* AppController.mm in Sources */ = {isa = PBXBuildFile; fileRef = BF365AA712A103F70050DCF4 /* AppController.mm */; };
		BF4DE6AD138BB89600CF907D /* RootViewController.mm in Sources */ = {isa = PBXBuildFile; fileRef = BF4DE6AC138BB89600CF907D /* RootViewController.mm */; };
		D446FD79161028E9000ADA7B /* Default.png in Resources */ = {isa = PBXBuildFile; fileRef = D446FD78161028E9000ADA7B /* Default.png */; };
		D446FD7B161028ED000ADA7B /* Default@2x.png in Resources */ = {isa = PBXBuildFile; fileRef = D446FD7A161028ED000ADA7B /* Default@2x.png */; };
		D446FD7D161028F4000ADA7B /* Default-568h@2x.png in Resources */ = {isa = PBXBuildFile; fileRef = D446FD7C161028F4000ADA7B /* Default-568h@2x.png */; };
		D4ABB4B313B4395300552E6E /* main.m in Sources */ = {isa = PBXBuildFile; fileRef = D4ABB4B213B4395300552E6E /* main.m */; };
		D4EF94E815BD319200D803EB /* Icon-57.png in Resources */ = {isa = PBXBuildFile; fileRef = D4EF94E715BD319200D803EB /* Icon-57.png */; };
		D4EF94EA15BD319500D803EB /* Icon-114.png in Resources */ = {isa = PBXBuildFile; fileRef = D4EF94E915BD319500D803EB /* Icon-114.png */; };
		D4EF94EC15BD319B00D803EB /* Icon-72.png in Resources */ = {isa = PBXBuildFile; fileRef = D4EF94EB15BD319B00D803EB /* Icon-72.png */; };
		D4EF94EE15BD319D00D803EB /* Icon-144.png in Resources */ = {isa = PBXBuildFile; fileRef = D4EF94ED15BD319D00D803EB /* Icon-144.png */; };
/* End PBXBuildFile section */

/* Begin PBXContainerItemProxy section */
		06490F3B1727F54700B06212 /* PBXContainerItemProxy */ = {
			isa = PBXContainerItemProxy;
			containerPortal = 06490F341727F54600B06212 /* cocos2dx.xcodeproj */;
			proxyType = 2;
			remoteGlobalIDString = 1551A33F158F2AB200E66CFE;
			remoteInfo = cocos2dx;
		};
/* End PBXContainerItemProxy section */

/* Begin PBXFileReference section */
		064904F31727F4CC00B06212 /* CloseNormal.png */ = {isa = PBXFileReference; lastKnownFileType = image.png; path = CloseNormal.png; sourceTree = "<group>"; };
		064904F41727F4CC00B06212 /* CloseSelected.png */ = {isa = PBXFileReference; lastKnownFileType = image.png; path = CloseSelected.png; sourceTree = "<group>"; };
		064904F81727F4CC00B06212 /* HelloWorld.png */ = {isa = PBXFileReference; lastKnownFileType = image.png; path = HelloWorld.png; sourceTree = "<group>"; };
		06490F341727F54600B06212 /* cocos2dx.xcodeproj */ = {isa = PBXFileReference; lastKnownFileType = "wrapper.pb-project"; name = cocos2dx.xcodeproj; path = ../../cocos2dx/proj.ios/cocos2dx.xcodeproj; sourceTree = "<group>"; };
		06490F3F1727F64500B06212 /* CSAnimation.cpp */ = {isa = PBXFileReference; fileEncoding = 4; lastKnownFileType = sourcecode.cpp.cpp; path = CSAnimation.cpp; sourceTree = "<group>"; };
		06490F401727F64500B06212 /* CSAnimation.h */ = {isa = PBXFileReference; fileEncoding = 4; lastKnownFileType = sourcecode.c.h; path = CSAnimation.h; sourceTree = "<group>"; };
		06490F411727F64500B06212 /* CSProcessBase.cpp */ = {isa = PBXFileReference; fileEncoding = 4; lastKnownFileType = sourcecode.cpp.cpp; path = CSProcessBase.cpp; sourceTree = "<group>"; };
		06490F421727F64500B06212 /* CSProcessBase.h */ = {isa = PBXFileReference; fileEncoding = 4; lastKnownFileType = sourcecode.c.h; path = CSProcessBase.h; sourceTree = "<group>"; };
		06490F431727F64500B06212 /* CSTween.cpp */ = {isa = PBXFileReference; fileEncoding = 4; lastKnownFileType = sourcecode.cpp.cpp; path = CSTween.cpp; sourceTree = "<group>"; };
		06490F441727F64500B06212 /* CSTween.h */ = {isa = PBXFileReference; fileEncoding = 4; lastKnownFileType = sourcecode.c.h; path = CSTween.h; sourceTree = "<group>"; };
		06490F451727F64500B06212 /* CSArmature.cpp */ = {isa = PBXFileReference; fileEncoding = 4; lastKnownFileType = sourcecode.cpp.cpp; path = CSArmature.cpp; sourceTree = "<group>"; };
		06490F461727F64500B06212 /* CSArmature.h */ = {isa = PBXFileReference; fileEncoding = 4; lastKnownFileType = sourcecode.c.h; path = CSArmature.h; sourceTree = "<group>"; };
		06490F471727F64500B06212 /* CSBone.cpp */ = {isa = PBXFileReference; fileEncoding = 4; lastKnownFileType = sourcecode.cpp.cpp; path = CSBone.cpp; sourceTree = "<group>"; };
		06490F481727F64500B06212 /* CSBone.h */ = {isa = PBXFileReference; fileEncoding = 4; lastKnownFileType = sourcecode.c.h; path = CSBone.h; sourceTree = "<group>"; };
		06490F6C1727F64500B06212 /* CSDecorativeDisplay.cpp */ = {isa = PBXFileReference; fileEncoding = 4; lastKnownFileType = sourcecode.cpp.cpp; path = CSDecorativeDisplay.cpp; sourceTree = "<group>"; };
		06490F6D1727F64500B06212 /* CSDecorativeDisplay.h */ = {isa = PBXFileReference; fileEncoding = 4; lastKnownFileType = sourcecode.c.h; path = CSDecorativeDisplay.h; sourceTree = "<group>"; };
		06490F6E1727F64500B06212 /* CSDisplayManager.cpp */ = {isa = PBXFileReference; fileEncoding = 4; lastKnownFileType = sourcecode.cpp.cpp; path = CSDisplayManager.cpp; sourceTree = "<group>"; };
		06490F6F1727F64500B06212 /* CSDisplayManager.h */ = {isa = PBXFileReference; fileEncoding = 4; lastKnownFileType = sourcecode.c.h; path = CSDisplayManager.h; sourceTree = "<group>"; };
		06490F701727F64500B06212 /* CSShaderNode.cpp */ = {isa = PBXFileReference; fileEncoding = 4; lastKnownFileType = sourcecode.cpp.cpp; path = CSShaderNode.cpp; sourceTree = "<group>"; };
		06490F711727F64500B06212 /* CSShaderNode.h */ = {isa = PBXFileReference; fileEncoding = 4; lastKnownFileType = sourcecode.c.h; path = CSShaderNode.h; sourceTree = "<group>"; };
		06490F911727F64500B06212 /* CCTexture2DMutable.cpp */ = {isa = PBXFileReference; fileEncoding = 4; lastKnownFileType = sourcecode.cpp.cpp; path = CCTexture2DMutable.cpp; sourceTree = "<group>"; };
		06490F921727F64500B06212 /* CCTexture2DMutable.h */ = {isa = PBXFileReference; fileEncoding = 4; lastKnownFileType = sourcecode.c.h; path = CCTexture2DMutable.h; sourceTree = "<group>"; };
		06490F961727F64500B06212 /* CSContentJsonDictionary.cpp */ = {isa = PBXFileReference; fileEncoding = 4; lastKnownFileType = sourcecode.cpp.cpp; path = CSContentJsonDictionary.cpp; sourceTree = "<group>"; };
		06490F971727F64500B06212 /* CSContentJsonDictionary.h */ = {isa = PBXFileReference; fileEncoding = 4; lastKnownFileType = sourcecode.c.h; path = CSContentJsonDictionary.h; sourceTree = "<group>"; };
		06490F991727F64500B06212 /* autolink.h */ = {isa = PBXFileReference; fileEncoding = 4; lastKnownFileType = sourcecode.c.h; path = autolink.h; sourceTree = "<group>"; };
		06490F9A1727F64500B06212 /* config.h */ = {isa = PBXFileReference; fileEncoding = 4; lastKnownFileType = sourcecode.c.h; path = config.h; sourceTree = "<group>"; };
		06490F9B1727F64500B06212 /* features.h */ = {isa = PBXFileReference; fileEncoding = 4; lastKnownFileType = sourcecode.c.h; path = features.h; sourceTree = "<group>"; };
		06490F9C1727F64500B06212 /* forwards.h */ = {isa = PBXFileReference; fileEncoding = 4; lastKnownFileType = sourcecode.c.h; path = forwards.h; sourceTree = "<group>"; };
		06490F9D1727F64500B06212 /* json_lib.h */ = {isa = PBXFileReference; fileEncoding = 4; lastKnownFileType = sourcecode.c.h; path = json_lib.h; sourceTree = "<group>"; };
		06490F9E1727F64500B06212 /* reader.h */ = {isa = PBXFileReference; fileEncoding = 4; lastKnownFileType = sourcecode.c.h; path = reader.h; sourceTree = "<group>"; };
		06490F9F1727F64500B06212 /* value.h */ = {isa = PBXFileReference; fileEncoding = 4; lastKnownFileType = sourcecode.c.h; path = value.h; sourceTree = "<group>"; };
		06490FA01727F64500B06212 /* writer.h */ = {isa = PBXFileReference; fileEncoding = 4; lastKnownFileType = sourcecode.c.h; path = writer.h; sourceTree = "<group>"; };
		06490FA21727F64500B06212 /* json_batchallocator.h */ = {isa = PBXFileReference; fileEncoding = 4; lastKnownFileType = sourcecode.c.h; path = json_batchallocator.h; sourceTree = "<group>"; };
		06490FA31727F64500B06212 /* json_internalarray.inl */ = {isa = PBXFileReference; fileEncoding = 4; lastKnownFileType = text; path = json_internalarray.inl; sourceTree = "<group>"; };
		06490FA41727F64500B06212 /* json_internalmap.inl */ = {isa = PBXFileReference; fileEncoding = 4; lastKnownFileType = text; path = json_internalmap.inl; sourceTree = "<group>"; };
		06490FA51727F64500B06212 /* json_reader.cpp */ = {isa = PBXFileReference; fileEncoding = 4; lastKnownFileType = sourcecode.cpp.cpp; path = json_reader.cpp; sourceTree = "<group>"; };
		06490FA61727F64500B06212 /* json_tool.h */ = {isa = PBXFileReference; fileEncoding = 4; lastKnownFileType = sourcecode.c.h; path = json_tool.h; sourceTree = "<group>"; };
		06490FA71727F64500B06212 /* json_value.cpp */ = {isa = PBXFileReference; fileEncoding = 4; lastKnownFileType = sourcecode.cpp.cpp; path = json_value.cpp; sourceTree = "<group>"; };
		06490FA81727F64500B06212 /* json_valueiterator.inl */ = {isa = PBXFileReference; fileEncoding = 4; lastKnownFileType = text; path = json_valueiterator.inl; sourceTree = "<group>"; };
		06490FA91727F64500B06212 /* json_writer.cpp */ = {isa = PBXFileReference; fileEncoding = 4; lastKnownFileType = sourcecode.cpp.cpp; path = json_writer.cpp; sourceTree = "<group>"; };
		06490FAA1727F64500B06212 /* sconscript */ = {isa = PBXFileReference; fileEncoding = 4; lastKnownFileType = text; path = sconscript; sourceTree = "<group>"; };
		06490FAB1727F64500B06212 /* sigslot.h */ = {isa = PBXFileReference; fileEncoding = 4; lastKnownFileType = sourcecode.c.h; path = sigslot.h; sourceTree = "<group>"; };
		06490FAD1727F64500B06212 /* tinystr.cpp */ = {isa = PBXFileReference; fileEncoding = 4; lastKnownFileType = sourcecode.cpp.cpp; path = tinystr.cpp; sourceTree = "<group>"; };
		06490FAE1727F64500B06212 /* tinystr.h */ = {isa = PBXFileReference; fileEncoding = 4; lastKnownFileType = sourcecode.c.h; path = tinystr.h; sourceTree = "<group>"; };
		06490FAF1727F64500B06212 /* tinyxml.cpp */ = {isa = PBXFileReference; fileEncoding = 4; lastKnownFileType = sourcecode.cpp.cpp; path = tinyxml.cpp; sourceTree = "<group>"; };
		06490FB01727F64500B06212 /* tinyxml.h */ = {isa = PBXFileReference; fileEncoding = 4; lastKnownFileType = sourcecode.c.h; path = tinyxml.h; sourceTree = "<group>"; };
		06490FB11727F64500B06212 /* tinyxmlerror.cpp */ = {isa = PBXFileReference; fileEncoding = 4; lastKnownFileType = sourcecode.cpp.cpp; path = tinyxmlerror.cpp; sourceTree = "<group>"; };
		06490FB21727F64500B06212 /* tinyxmlparser.cpp */ = {isa = PBXFileReference; fileEncoding = 4; lastKnownFileType = sourcecode.cpp.cpp; path = tinyxmlparser.cpp; sourceTree = "<group>"; };
		06490FB91727F64500B06212 /* CSArmatureDataManager.cpp */ = {isa = PBXFileReference; fileEncoding = 4; lastKnownFileType = sourcecode.cpp.cpp; path = CSArmatureDataManager.cpp; sourceTree = "<group>"; };
		06490FBA1727F64500B06212 /* CSArmatureDataManager.h */ = {isa = PBXFileReference; fileEncoding = 4; lastKnownFileType = sourcecode.c.h; path = CSArmatureDataManager.h; sourceTree = "<group>"; };
		06490FBB1727F64500B06212 /* CSArmatureDefine.h */ = {isa = PBXFileReference; fileEncoding = 4; lastKnownFileType = sourcecode.c.h; path = CSArmatureDefine.h; sourceTree = "<group>"; };
		06490FC01727F64500B06212 /* CSConstValue.h */ = {isa = PBXFileReference; fileEncoding = 4; lastKnownFileType = sourcecode.c.h; path = CSConstValue.h; sourceTree = "<group>"; };
		06490FC11727F64500B06212 /* CSDataReaderHelper.cpp */ = {isa = PBXFileReference; fileEncoding = 4; lastKnownFileType = sourcecode.cpp.cpp; path = CSDataReaderHelper.cpp; sourceTree = "<group>"; };
		06490FC21727F64500B06212 /* CSDataReaderHelper.h */ = {isa = PBXFileReference; fileEncoding = 4; lastKnownFileType = sourcecode.c.h; path = CSDataReaderHelper.h; sourceTree = "<group>"; };
		06490FC31727F64500B06212 /* CSSpriteFrameCacheHelper.cpp */ = {isa = PBXFileReference; fileEncoding = 4; lastKnownFileType = sourcecode.cpp.cpp; path = CSSpriteFrameCacheHelper.cpp; sourceTree = "<group>"; };
		06490FC41727F64500B06212 /* CSSpriteFrameCacheHelper.h */ = {isa = PBXFileReference; fileEncoding = 4; lastKnownFileType = sourcecode.c.h; path = CSSpriteFrameCacheHelper.h; sourceTree = "<group>"; };
		06490FC51727F64500B06212 /* CSTransformHelp.cpp */ = {isa = PBXFileReference; fileEncoding = 4; lastKnownFileType = sourcecode.cpp.cpp; path = CSTransformHelp.cpp; sourceTree = "<group>"; };
		06490FC61727F64500B06212 /* CSTransformHelp.h */ = {isa = PBXFileReference; fileEncoding = 4; lastKnownFileType = sourcecode.c.h; path = CSTransformHelp.h; sourceTree = "<group>"; };
		06490FC71727F64500B06212 /* CSTweenFunction.cpp */ = {isa = PBXFileReference; fileEncoding = 4; lastKnownFileType = sourcecode.cpp.cpp; path = CSTweenFunction.cpp; sourceTree = "<group>"; };
		06490FC81727F64500B06212 /* CSTweenFunction.h */ = {isa = PBXFileReference; fileEncoding = 4; lastKnownFileType = sourcecode.c.h; path = CSTweenFunction.h; sourceTree = "<group>"; };
		06490FC91727F64500B06212 /* CSUtilMath.cpp */ = {isa = PBXFileReference; fileEncoding = 4; lastKnownFileType = sourcecode.cpp.cpp; path = CSUtilMath.cpp; sourceTree = "<group>"; };
		06490FCA1727F64500B06212 /* CSUtilMath.h */ = {isa = PBXFileReference; fileEncoding = 4; lastKnownFileType = sourcecode.c.h; path = CSUtilMath.h; sourceTree = "<group>"; };
		064910D51727FF0700B06212 /* CSBatchNode.cpp */ = {isa = PBXFileReference; fileEncoding = 4; lastKnownFileType = sourcecode.cpp.cpp; path = CSBatchNode.cpp; sourceTree = "<group>"; };
		064910D61727FF0700B06212 /* CSBatchNode.h */ = {isa = PBXFileReference; fileEncoding = 4; lastKnownFileType = sourcecode.c.h; path = CSBatchNode.h; sourceTree = "<group>"; };
		064910D71727FF0700B06212 /* CSDisplayFactory.cpp */ = {isa = PBXFileReference; fileEncoding = 4; lastKnownFileType = sourcecode.cpp.cpp; path = CSDisplayFactory.cpp; sourceTree = "<group>"; };
		064910D81727FF0700B06212 /* CSDisplayFactory.h */ = {isa = PBXFileReference; fileEncoding = 4; lastKnownFileType = sourcecode.c.h; path = CSDisplayFactory.h; sourceTree = "<group>"; };
		064910D91727FF0700B06212 /* CSSkin.cpp */ = {isa = PBXFileReference; fileEncoding = 4; lastKnownFileType = sourcecode.cpp.cpp; path = CSSkin.cpp; sourceTree = "<group>"; };
		064910DA1727FF0700B06212 /* CSSkin.h */ = {isa = PBXFileReference; fileEncoding = 4; lastKnownFileType = sourcecode.c.h; path = CSSkin.h; sourceTree = "<group>"; };
		064910DE1727FF1700B06212 /* CSDatas.cpp */ = {isa = PBXFileReference; fileEncoding = 4; lastKnownFileType = sourcecode.cpp.cpp; path = CSDatas.cpp; sourceTree = "<group>"; };
		064910DF1727FF1700B06212 /* CSDatas.h */ = {isa = PBXFileReference; fileEncoding = 4; lastKnownFileType = sourcecode.c.h; path = CSDatas.h; sourceTree = "<group>"; };
		1D30AB110D05D00D00671497 /* Foundation.framework */ = {isa = PBXFileReference; lastKnownFileType = wrapper.framework; name = Foundation.framework; path = System/Library/Frameworks/Foundation.framework; sourceTree = SDKROOT; };
		1D6058910D05DD3D006BFB54 /* Test.app */ = {isa = PBXFileReference; explicitFileType = wrapper.application; includeInIndex = 0; path = Test.app; sourceTree = BUILT_PRODUCTS_DIR; };
		1DF5F4DF0D08C38300B7A737 /* UIKit.framework */ = {isa = PBXFileReference; lastKnownFileType = wrapper.framework; name = UIKit.framework; path = System/Library/Frameworks/UIKit.framework; sourceTree = SDKROOT; };
		288765A40DF7441C002DB57D /* CoreGraphics.framework */ = {isa = PBXFileReference; lastKnownFileType = wrapper.framework; name = CoreGraphics.framework; path = System/Library/Frameworks/CoreGraphics.framework; sourceTree = SDKROOT; };
		376ABD25173794FC00828B83 /* VisibleRect.cpp */ = {isa = PBXFileReference; fileEncoding = 4; lastKnownFileType = sourcecode.cpp.cpp; path = VisibleRect.cpp; sourceTree = "<group>"; };
		376ABD26173794FC00828B83 /* VisibleRect.h */ = {isa = PBXFileReference; fileEncoding = 4; lastKnownFileType = sourcecode.c.h; path = VisibleRect.h; sourceTree = "<group>"; };
		376ABD6F1737963B00828B83 /* Armature */ = {isa = PBXFileReference; lastKnownFileType = folder; path = Armature; sourceTree = "<group>"; };
		376ABD701737963B00828B83 /* bg.jpg */ = {isa = PBXFileReference; lastKnownFileType = image.jpeg; path = bg.jpg; sourceTree = "<group>"; };
		376ABD711737963B00828B83 /* Images */ = {isa = PBXFileReference; lastKnownFileType = folder; path = Images; sourceTree = "<group>"; };
		376ABD721737963B00828B83 /* Particle */ = {isa = PBXFileReference; lastKnownFileType = folder; path = Particle; sourceTree = "<group>"; };
		781C33B11547F06B00633F88 /* OpenAL.framework */ = {isa = PBXFileReference; lastKnownFileType = wrapper.framework; name = OpenAL.framework; path = System/Library/Frameworks/OpenAL.framework; sourceTree = SDKROOT; };
		781C33B31547F06B00633F88 /* AudioToolbox.framework */ = {isa = PBXFileReference; lastKnownFileType = wrapper.framework; name = AudioToolbox.framework; path = System/Library/Frameworks/AudioToolbox.framework; sourceTree = SDKROOT; };
		781C33B51547F06B00633F88 /* AVFoundation.framework */ = {isa = PBXFileReference; lastKnownFileType = wrapper.framework; name = AVFoundation.framework; path = System/Library/Frameworks/AVFoundation.framework; sourceTree = SDKROOT; };
		BF137426128A8E4600D9F789 /* QuartzCore.framework */ = {isa = PBXFileReference; lastKnownFileType = wrapper.framework; name = QuartzCore.framework; path = System/Library/Frameworks/QuartzCore.framework; sourceTree = SDKROOT; };
		BF23D4E3143315EB00657E08 /* AppDelegate.cpp */ = {isa = PBXFileReference; fileEncoding = 4; lastKnownFileType = sourcecode.cpp.cpp; path = AppDelegate.cpp; sourceTree = "<group>"; };
		BF23D4E4143315EB00657E08 /* AppDelegate.h */ = {isa = PBXFileReference; fileEncoding = 4; lastKnownFileType = sourcecode.c.h; path = AppDelegate.h; sourceTree = "<group>"; };
		BF23D4E5143315EB00657E08 /* HelloWorldScene.cpp */ = {isa = PBXFileReference; fileEncoding = 4; lastKnownFileType = sourcecode.cpp.cpp; path = HelloWorldScene.cpp; sourceTree = "<group>"; };
		BF23D4E6143315EB00657E08 /* HelloWorldScene.h */ = {isa = PBXFileReference; fileEncoding = 4; lastKnownFileType = sourcecode.c.h; path = HelloWorldScene.h; sourceTree = "<group>"; };
		BF365AA612A103F70050DCF4 /* AppController.h */ = {isa = PBXFileReference; fileEncoding = 4; lastKnownFileType = sourcecode.c.h; path = AppController.h; sourceTree = "<group>"; };
		BF365AA712A103F70050DCF4 /* AppController.mm */ = {isa = PBXFileReference; fileEncoding = 4; lastKnownFileType = sourcecode.cpp.objcpp; path = AppController.mm; sourceTree = "<group>"; };
		BF492B6912891AC600A09262 /* libz.dylib */ = {isa = PBXFileReference; lastKnownFileType = "compiled.mach-o.dylib"; name = libz.dylib; path = usr/lib/libz.dylib; sourceTree = SDKROOT; };
		BF492C21128924A800A09262 /* libxml2.dylib */ = {isa = PBXFileReference; lastKnownFileType = "compiled.mach-o.dylib"; name = libxml2.dylib; path = usr/lib/libxml2.dylib; sourceTree = SDKROOT; };
		BF492D4B1289302400A09262 /* OpenGLES.framework */ = {isa = PBXFileReference; lastKnownFileType = wrapper.framework; name = OpenGLES.framework; path = System/Library/Frameworks/OpenGLES.framework; sourceTree = SDKROOT; };
		BF4DE6AB138BB89600CF907D /* RootViewController.h */ = {isa = PBXFileReference; fileEncoding = 4; lastKnownFileType = sourcecode.c.h; path = RootViewController.h; sourceTree = "<group>"; };
		BF4DE6AC138BB89600CF907D /* RootViewController.mm */ = {isa = PBXFileReference; fileEncoding = 4; lastKnownFileType = sourcecode.cpp.objcpp; path = RootViewController.mm; sourceTree = "<group>"; };
		D446FD78161028E9000ADA7B /* Default.png */ = {isa = PBXFileReference; lastKnownFileType = image.png; name = Default.png; path = ../proj.ios/Default.png; sourceTree = "<group>"; };
		D446FD7A161028ED000ADA7B /* Default@2x.png */ = {isa = PBXFileReference; lastKnownFileType = image.png; name = "Default@2x.png"; path = "../proj.ios/Default@2x.png"; sourceTree = "<group>"; };
		D446FD7C161028F4000ADA7B /* Default-568h@2x.png */ = {isa = PBXFileReference; lastKnownFileType = image.png; name = "Default-568h@2x.png"; path = "../proj.ios/Default-568h@2x.png"; sourceTree = "<group>"; };
		D4ABB4B213B4395300552E6E /* main.m */ = {isa = PBXFileReference; fileEncoding = 4; lastKnownFileType = sourcecode.c.objc; path = main.m; sourceTree = "<group>"; };
		D4EF94E715BD319200D803EB /* Icon-57.png */ = {isa = PBXFileReference; lastKnownFileType = image.png; name = "Icon-57.png"; path = "../proj.ios/Icon-57.png"; sourceTree = "<group>"; };
		D4EF94E915BD319500D803EB /* Icon-114.png */ = {isa = PBXFileReference; lastKnownFileType = image.png; name = "Icon-114.png"; path = "../proj.ios/Icon-114.png"; sourceTree = "<group>"; };
		D4EF94EB15BD319B00D803EB /* Icon-72.png */ = {isa = PBXFileReference; lastKnownFileType = image.png; name = "Icon-72.png"; path = "../proj.ios/Icon-72.png"; sourceTree = "<group>"; };
		D4EF94ED15BD319D00D803EB /* Icon-144.png */ = {isa = PBXFileReference; lastKnownFileType = image.png; name = "Icon-144.png"; path = "../proj.ios/Icon-144.png"; sourceTree = "<group>"; };
/* End PBXFileReference section */

/* Begin PBXFrameworksBuildPhase section */
		1D60588F0D05DD3D006BFB54 /* Frameworks */ = {
			isa = PBXFrameworksBuildPhase;
			buildActionMask = 2147483647;
			files = (
				064910CA1727FCEE00B06212 /* libcocos2dx.a in Frameworks */,
				1D60589F0D05DD5A006BFB54 /* Foundation.framework in Frameworks */,
				1DF5F4E00D08C38300B7A737 /* UIKit.framework in Frameworks */,
				288765A50DF7441C002DB57D /* CoreGraphics.framework in Frameworks */,
				BF1373EF128A898400D9F789 /* OpenGLES.framework in Frameworks */,
				BF1373F0128A899500D9F789 /* libxml2.dylib in Frameworks */,
				BF1373F1128A899E00D9F789 /* libz.dylib in Frameworks */,
				BF13742F128A8E6A00D9F789 /* QuartzCore.framework in Frameworks */,
			);
			runOnlyForDeploymentPostprocessing = 0;
		};
/* End PBXFrameworksBuildPhase section */

/* Begin PBXGroup section */
		0649050B1727F51F00B06212 /* libs */ = {
			isa = PBXGroup;
			children = (
				06490F3D1727F64500B06212 /* CSArmature */,
				06490F341727F54600B06212 /* cocos2dx.xcodeproj */,
			);
			name = libs;
			sourceTree = "<group>";
		};
		06490F351727F54600B06212 /* Products */ = {
			isa = PBXGroup;
			children = (
				06490F3C1727F54700B06212 /* libcocos2dx.a */,
			);
			name = Products;
			sourceTree = "<group>";
		};
		06490F3D1727F64500B06212 /* CSArmature */ = {
			isa = PBXGroup;
			children = (
				06490F3E1727F64500B06212 /* animation */,
				06490F451727F64500B06212 /* CSArmature.cpp */,
				06490F461727F64500B06212 /* CSArmature.h */,
				06490F471727F64500B06212 /* CSBone.cpp */,
				06490F481727F64500B06212 /* CSBone.h */,
				06490F491727F64500B06212 /* datas */,
				06490F6B1727F64500B06212 /* display */,
				06490F901727F64500B06212 /* external_tool */,
				06490FB81727F64500B06212 /* utils */,
			);
			name = CSArmature;
			path = ../../../../CSArmature;
			sourceTree = "<group>";
		};
		06490F3E1727F64500B06212 /* animation */ = {
			isa = PBXGroup;
			children = (
				06490F3F1727F64500B06212 /* CSAnimation.cpp */,
				06490F401727F64500B06212 /* CSAnimation.h */,
				06490F411727F64500B06212 /* CSProcessBase.cpp */,
				06490F421727F64500B06212 /* CSProcessBase.h */,
				06490F431727F64500B06212 /* CSTween.cpp */,
				06490F441727F64500B06212 /* CSTween.h */,
			);
			path = animation;
			sourceTree = "<group>";
		};
		06490F491727F64500B06212 /* datas */ = {
			isa = PBXGroup;
			children = (
				064910DE1727FF1700B06212 /* CSDatas.cpp */,
				064910DF1727FF1700B06212 /* CSDatas.h */,
			);
			path = datas;
			sourceTree = "<group>";
		};
		06490F6B1727F64500B06212 /* display */ = {
			isa = PBXGroup;
			children = (
				064910D51727FF0700B06212 /* CSBatchNode.cpp */,
				064910D61727FF0700B06212 /* CSBatchNode.h */,
				064910D71727FF0700B06212 /* CSDisplayFactory.cpp */,
				064910D81727FF0700B06212 /* CSDisplayFactory.h */,
				064910D91727FF0700B06212 /* CSSkin.cpp */,
				064910DA1727FF0700B06212 /* CSSkin.h */,
				06490F6C1727F64500B06212 /* CSDecorativeDisplay.cpp */,
				06490F6D1727F64500B06212 /* CSDecorativeDisplay.h */,
				06490F6E1727F64500B06212 /* CSDisplayManager.cpp */,
				06490F6F1727F64500B06212 /* CSDisplayManager.h */,
				06490F701727F64500B06212 /* CSShaderNode.cpp */,
				06490F711727F64500B06212 /* CSShaderNode.h */,
			);
			path = display;
			sourceTree = "<group>";
		};
		06490F901727F64500B06212 /* external_tool */ = {
			isa = PBXGroup;
			children = (
				06490F911727F64500B06212 /* CCTexture2DMutable.cpp */,
				06490F921727F64500B06212 /* CCTexture2DMutable.h */,
				06490F951727F64500B06212 /* Json */,
				06490FAB1727F64500B06212 /* sigslot.h */,
				06490FAC1727F64500B06212 /* tinyxml */,
			);
			path = external_tool;
			sourceTree = "<group>";
		};
		06490F951727F64500B06212 /* Json */ = {
			isa = PBXGroup;
			children = (
				06490F961727F64500B06212 /* CSContentJsonDictionary.cpp */,
				06490F971727F64500B06212 /* CSContentJsonDictionary.h */,
				06490F981727F64500B06212 /* json */,
				06490FA11727F64500B06212 /* lib_json */,
			);
			path = Json;
			sourceTree = "<group>";
		};
		06490F981727F64500B06212 /* json */ = {
			isa = PBXGroup;
			children = (
				06490F991727F64500B06212 /* autolink.h */,
				06490F9A1727F64500B06212 /* config.h */,
				06490F9B1727F64500B06212 /* features.h */,
				06490F9C1727F64500B06212 /* forwards.h */,
				06490F9D1727F64500B06212 /* json_lib.h */,
				06490F9E1727F64500B06212 /* reader.h */,
				06490F9F1727F64500B06212 /* value.h */,
				06490FA01727F64500B06212 /* writer.h */,
			);
			path = json;
			sourceTree = "<group>";
		};
		06490FA11727F64500B06212 /* lib_json */ = {
			isa = PBXGroup;
			children = (
				06490FA21727F64500B06212 /* json_batchallocator.h */,
				06490FA31727F64500B06212 /* json_internalarray.inl */,
				06490FA41727F64500B06212 /* json_internalmap.inl */,
				06490FA51727F64500B06212 /* json_reader.cpp */,
				06490FA61727F64500B06212 /* json_tool.h */,
				06490FA71727F64500B06212 /* json_value.cpp */,
				06490FA81727F64500B06212 /* json_valueiterator.inl */,
				06490FA91727F64500B06212 /* json_writer.cpp */,
				06490FAA1727F64500B06212 /* sconscript */,
			);
			path = lib_json;
			sourceTree = "<group>";
		};
		06490FAC1727F64500B06212 /* tinyxml */ = {
			isa = PBXGroup;
			children = (
				06490FAD1727F64500B06212 /* tinystr.cpp */,
				06490FAE1727F64500B06212 /* tinystr.h */,
				06490FAF1727F64500B06212 /* tinyxml.cpp */,
				06490FB01727F64500B06212 /* tinyxml.h */,
				06490FB11727F64500B06212 /* tinyxmlerror.cpp */,
				06490FB21727F64500B06212 /* tinyxmlparser.cpp */,
			);
			path = tinyxml;
			sourceTree = "<group>";
		};
		06490FB81727F64500B06212 /* utils */ = {
			isa = PBXGroup;
			children = (
				06490FB91727F64500B06212 /* CSArmatureDataManager.cpp */,
				06490FBA1727F64500B06212 /* CSArmatureDataManager.h */,
				06490FBB1727F64500B06212 /* CSArmatureDefine.h */,
				06490FC01727F64500B06212 /* CSConstValue.h */,
				06490FC11727F64500B06212 /* CSDataReaderHelper.cpp */,
				06490FC21727F64500B06212 /* CSDataReaderHelper.h */,
				06490FC31727F64500B06212 /* CSSpriteFrameCacheHelper.cpp */,
				06490FC41727F64500B06212 /* CSSpriteFrameCacheHelper.h */,
				06490FC51727F64500B06212 /* CSTransformHelp.cpp */,
				06490FC61727F64500B06212 /* CSTransformHelp.h */,
				06490FC71727F64500B06212 /* CSTweenFunction.cpp */,
				06490FC81727F64500B06212 /* CSTweenFunction.h */,
				06490FC91727F64500B06212 /* CSUtilMath.cpp */,
				06490FCA1727F64500B06212 /* CSUtilMath.h */,
			);
			path = utils;
			sourceTree = "<group>";
		};
		19C28FACFE9D520D11CA2CBB /* Products */ = {
			isa = PBXGroup;
			children = (
				1D6058910D05DD3D006BFB54 /* Test.app */,
			);
			name = Products;
			sourceTree = "<group>";
		};
		29B97314FDCFA39411CA2CEA /* CustomTemplate */ = {
			isa = PBXGroup;
			children = (
				0649050B1727F51F00B06212 /* libs */,
				BF23D4E2143315EB00657E08 /* Classes */,
				29B97323FDCFA39411CA2CEA /* Frameworks */,
				BF5681CC1313A84D0055EEAC /* ios */,
				19C28FACFE9D520D11CA2CBB /* Products */,
				784521C214EBA449009D533B /* Resources */,
			);
			name = CustomTemplate;
			sourceTree = "<group>";
		};
		29B97323FDCFA39411CA2CEA /* Frameworks */ = {
			isa = PBXGroup;
			children = (
				BF492B6912891AC600A09262 /* libz.dylib */,
				BF137426128A8E4600D9F789 /* QuartzCore.framework */,
				BF492D4B1289302400A09262 /* OpenGLES.framework */,
				BF492C21128924A800A09262 /* libxml2.dylib */,
				1DF5F4DF0D08C38300B7A737 /* UIKit.framework */,
				1D30AB110D05D00D00671497 /* Foundation.framework */,
				288765A40DF7441C002DB57D /* CoreGraphics.framework */,
				781C33B11547F06B00633F88 /* OpenAL.framework */,
				781C33B31547F06B00633F88 /* AudioToolbox.framework */,
				781C33B51547F06B00633F88 /* AVFoundation.framework */,
			);
			name = Frameworks;
			sourceTree = "<group>";
		};
		784521C214EBA449009D533B /* Resources */ = {
			isa = PBXGroup;
			children = (
				376ABD6F1737963B00828B83 /* Armature */,
				376ABD701737963B00828B83 /* bg.jpg */,
				376ABD711737963B00828B83 /* Images */,
				376ABD721737963B00828B83 /* Particle */,
				064904F31727F4CC00B06212 /* CloseNormal.png */,
				064904F41727F4CC00B06212 /* CloseSelected.png */,
				064904F81727F4CC00B06212 /* HelloWorld.png */,
				D4EF94ED15BD319D00D803EB /* Icon-144.png */,
				D4EF94EB15BD319B00D803EB /* Icon-72.png */,
				D4EF94E915BD319500D803EB /* Icon-114.png */,
				D4EF94E715BD319200D803EB /* Icon-57.png */,
				D446FD7C161028F4000ADA7B /* Default-568h@2x.png */,
				D446FD7A161028ED000ADA7B /* Default@2x.png */,
				D446FD78161028E9000ADA7B /* Default.png */,
			);
			name = Resources;
			path = ../Resources;
			sourceTree = "<group>";
		};
		BF23D4E2143315EB00657E08 /* Classes */ = {
			isa = PBXGroup;
			children = (
				376ABD25173794FC00828B83 /* VisibleRect.cpp */,
				376ABD26173794FC00828B83 /* VisibleRect.h */,
				BF23D4E3143315EB00657E08 /* AppDelegate.cpp */,
				BF23D4E4143315EB00657E08 /* AppDelegate.h */,
				BF23D4E5143315EB00657E08 /* HelloWorldScene.cpp */,
				BF23D4E6143315EB00657E08 /* HelloWorldScene.h */,
			);
			name = Classes;
			path = ../Classes;
			sourceTree = SOURCE_ROOT;
		};
		BF5681CC1313A84D0055EEAC /* ios */ = {
			isa = PBXGroup;
			children = (
				D4ABB4B213B4395300552E6E /* main.m */,
				BF365AA612A103F70050DCF4 /* AppController.h */,
				BF365AA712A103F70050DCF4 /* AppController.mm */,
				BF4DE6AB138BB89600CF907D /* RootViewController.h */,
				BF4DE6AC138BB89600CF907D /* RootViewController.mm */,
			);
			name = ios;
			sourceTree = "<group>";
		};
/* End PBXGroup section */

/* Begin PBXNativeTarget section */
		1D6058900D05DD3D006BFB54 /* Test */ = {
			isa = PBXNativeTarget;
			buildConfigurationList = 1D6058960D05DD3E006BFB54 /* Build configuration list for PBXNativeTarget "Test" */;
			buildPhases = (
				1D60588D0D05DD3D006BFB54 /* Resources */,
				1D60588E0D05DD3D006BFB54 /* Sources */,
				1D60588F0D05DD3D006BFB54 /* Frameworks */,
			);
			buildRules = (
			);
			dependencies = (
			);
			name = Test;
			productName = HelloWorld;
			productReference = 1D6058910D05DD3D006BFB54 /* Test.app */;
			productType = "com.apple.product-type.application";
		};
/* End PBXNativeTarget section */

/* Begin PBXProject section */
		29B97313FDCFA39411CA2CEA /* Project object */ = {
			isa = PBXProject;
			attributes = {
				LastUpgradeCheck = 0450;
			};
			buildConfigurationList = C01FCF4E08A954540054247B /* Build configuration list for PBXProject "Test" */;
			compatibilityVersion = "Xcode 3.2";
			developmentRegion = English;
			hasScannedForEncodings = 1;
			knownRegions = (
				English,
				Japanese,
				French,
				German,
			);
			mainGroup = 29B97314FDCFA39411CA2CEA /* CustomTemplate */;
			projectDirPath = "";
			projectReferences = (
				{
					ProductGroup = 06490F351727F54600B06212 /* Products */;
					ProjectRef = 06490F341727F54600B06212 /* cocos2dx.xcodeproj */;
				},
			);
			projectRoot = "";
			targets = (
				1D6058900D05DD3D006BFB54 /* Test */,
			);
		};
/* End PBXProject section */

/* Begin PBXReferenceProxy section */
		06490F3C1727F54700B06212 /* libcocos2dx.a */ = {
			isa = PBXReferenceProxy;
			fileType = archive.ar;
			path = libcocos2dx.a;
			remoteRef = 06490F3B1727F54700B06212 /* PBXContainerItemProxy */;
			sourceTree = BUILT_PRODUCTS_DIR;
		};
/* End PBXReferenceProxy section */

/* Begin PBXResourcesBuildPhase section */
		1D60588D0D05DD3D006BFB54 /* Resources */ = {
			isa = PBXResourcesBuildPhase;
			buildActionMask = 2147483647;
			files = (
				D4EF94E815BD319200D803EB /* Icon-57.png in Resources */,
				D4EF94EA15BD319500D803EB /* Icon-114.png in Resources */,
				D4EF94EC15BD319B00D803EB /* Icon-72.png in Resources */,
				D4EF94EE15BD319D00D803EB /* Icon-144.png in Resources */,
				D446FD79161028E9000ADA7B /* Default.png in Resources */,
				D446FD7B161028ED000ADA7B /* Default@2x.png in Resources */,
				D446FD7D161028F4000ADA7B /* Default-568h@2x.png in Resources */,
				064904FF1727F4CC00B06212 /* CloseNormal.png in Resources */,
				064905001727F4CC00B06212 /* CloseSelected.png in Resources */,
				064905041727F4CC00B06212 /* HelloWorld.png in Resources */,
				06490FF41727F64500B06212 /* json_internalarray.inl in Resources */,
				06490FF51727F64500B06212 /* json_internalmap.inl in Resources */,
				06490FF81727F64500B06212 /* json_valueiterator.inl in Resources */,
				06490FFA1727F64500B06212 /* sconscript in Resources */,
				376ABD731737963B00828B83 /* Armature in Resources */,
				376ABD741737963B00828B83 /* bg.jpg in Resources */,
				376ABD751737963B00828B83 /* Images in Resources */,
				376ABD761737963B00828B83 /* Particle in Resources */,
			);
			runOnlyForDeploymentPostprocessing = 0;
		};
/* End PBXResourcesBuildPhase section */

/* Begin PBXSourcesBuildPhase section */
		1D60588E0D05DD3D006BFB54 /* Sources */ = {
			isa = PBXSourcesBuildPhase;
			buildActionMask = 2147483647;
			files = (
				BF365AA812A103F70050DCF4 /* AppController.mm in Sources */,
				BF4DE6AD138BB89600CF907D /* RootViewController.mm in Sources */,
				D4ABB4B313B4395300552E6E /* main.m in Sources */,
				BF23D4E7143315EB00657E08 /* AppDelegate.cpp in Sources */,
				BF23D4E8143315EB00657E08 /* HelloWorldScene.cpp in Sources */,
				06490FCB1727F64500B06212 /* CSAnimation.cpp in Sources */,
				06490FCC1727F64500B06212 /* CSProcessBase.cpp in Sources */,
				06490FCD1727F64500B06212 /* CSTween.cpp in Sources */,
				06490FCE1727F64500B06212 /* CSArmature.cpp in Sources */,
				06490FCF1727F64500B06212 /* CSBone.cpp in Sources */,
				06490FE01727F64500B06212 /* CSDecorativeDisplay.cpp in Sources */,
				06490FE11727F64500B06212 /* CSDisplayManager.cpp in Sources */,
				06490FE21727F64500B06212 /* CSShaderNode.cpp in Sources */,
				06490FF11727F64500B06212 /* CCTexture2DMutable.cpp in Sources */,
				06490FF31727F64500B06212 /* CSContentJsonDictionary.cpp in Sources */,
				06490FF61727F64500B06212 /* json_reader.cpp in Sources */,
				06490FF71727F64500B06212 /* json_value.cpp in Sources */,
				06490FF91727F64500B06212 /* json_writer.cpp in Sources */,
				06490FFB1727F64500B06212 /* tinystr.cpp in Sources */,
				06490FFC1727F64500B06212 /* tinyxml.cpp in Sources */,
				06490FFD1727F64500B06212 /* tinyxmlerror.cpp in Sources */,
				06490FFE1727F64500B06212 /* tinyxmlparser.cpp in Sources */,
				064910011727F64500B06212 /* CSArmatureDataManager.cpp in Sources */,
				064910041727F64500B06212 /* CSDataReaderHelper.cpp in Sources */,
				064910051727F64500B06212 /* CSSpriteFrameCacheHelper.cpp in Sources */,
				064910061727F64500B06212 /* CSTransformHelp.cpp in Sources */,
				064910071727F64500B06212 /* CSTweenFunction.cpp in Sources */,
				064910081727F64500B06212 /* CSUtilMath.cpp in Sources */,
				064910DB1727FF0700B06212 /* CSBatchNode.cpp in Sources */,
				064910DC1727FF0700B06212 /* CSDisplayFactory.cpp in Sources */,
				064910DD1727FF0700B06212 /* CSSkin.cpp in Sources */,
				064910E01727FF1700B06212 /* CSDatas.cpp in Sources */,
				376ABD27173794FC00828B83 /* VisibleRect.cpp in Sources */,
			);
			runOnlyForDeploymentPostprocessing = 0;
		};
/* End PBXSourcesBuildPhase section */

/* Begin XCBuildConfiguration section */
		1D6058940D05DD3E006BFB54 /* Debug */ = {
			isa = XCBuildConfiguration;
			buildSettings = {
				ALWAYS_SEARCH_USER_PATHS = YES;
				ARCHS = "$(ARCHS_STANDARD_32_BIT)";
				CODE_SIGN_IDENTITY = "iPhone Developer";
				COPY_PHASE_STRIP = NO;
				GCC_DYNAMIC_NO_PIC = NO;
				GCC_INLINES_ARE_PRIVATE_EXTERN = NO;
				GCC_OPTIMIZATION_LEVEL = 0;
				GCC_PRECOMPILE_PREFIX_HEADER = YES;
				GCC_PREFIX_HEADER = Test_Prefix.pch;
				GCC_PREPROCESSOR_DEFINITIONS = (
					USE_FILE32API,
					CC_TARGET_OS_IPHONE,
					"COCOS2D_DEBUG=1",
				);
				GCC_PREPROCESSOR_DEFINITIONS_NOT_USED_IN_PRECOMPS = "";
				GCC_SYMBOLS_PRIVATE_EXTERN = NO;
				GCC_VERSION = "";
				HEADER_SEARCH_PATHS = (
					"\"$(SDKROOT)/usr/include/libxml2/\"",
					"\"$(SRCROOT)/../../../../cocos2dx/include\"",
					"\"$(SRCROOT)/../../../../cocos2dx\"",
					"\"$(SRCROOT)/../../../../cocos2dx/platform/ios\"",
					"\"$(SRCROOT)/../../../../cocos2dx/kazmath/include\"",
					"$(SRCROOT)/../../../../external/chipmunk/include/chipmunk",
				);
				INFOPLIST_FILE = "Test-Info.plist";
				IPHONEOS_DEPLOYMENT_TARGET = 4.0;
				LIBRARY_SEARCH_PATHS = (
					"$(inherited)",
					"\"$(SRCROOT)/../../cocos2dx/platform/third_party/android/prebuilt/libcurl/libs/armeabi\"",
					"\"$(SRCROOT)/../../cocos2dx/platform/third_party/android/prebuilt/libcurl/libs/armeabi-v7a\"",
					"\"$(SRCROOT)/../../cocos2dx/platform/third_party/android/prebuilt/libcurl/libs/x86\"",
					"\"$(SRCROOT)/../../cocos2dx/platform/third_party/android/prebuilt/libjpeg/libs/armeabi\"",
					"\"$(SRCROOT)/../../cocos2dx/platform/third_party/android/prebuilt/libjpeg/libs/armeabi-v7a\"",
					"\"$(SRCROOT)/../../cocos2dx/platform/third_party/android/prebuilt/libjpeg/libs/x86\"",
					"\"$(SRCROOT)/../../cocos2dx/platform/third_party/android/prebuilt/libpng/libs/armeabi\"",
					"\"$(SRCROOT)/../../cocos2dx/platform/third_party/android/prebuilt/libpng/libs/armeabi-v7a\"",
					"\"$(SRCROOT)/../../cocos2dx/platform/third_party/android/prebuilt/libpng/libs/x86\"",
					"\"$(SRCROOT)/../../cocos2dx/platform/third_party/android/prebuilt/libtiff/libs/armeabi\"",
					"\"$(SRCROOT)/../../cocos2dx/platform/third_party/android/prebuilt/libtiff/libs/armeabi-v7a\"",
					"\"$(SRCROOT)/../../cocos2dx/platform/third_party/android/prebuilt/libtiff/libs/x86\"",
					"\"$(SRCROOT)/../../cocos2dx/platform/third_party/android/prebuilt/libwebp/libs/armeabi\"",
					"\"$(SRCROOT)/../../cocos2dx/platform/third_party/android/prebuilt/libwebp/libs/armeabi-v7a\"",
					"\"$(SRCROOT)/../../cocos2dx/platform/third_party/android/prebuilt/libwebp/libs/x86\"",
					"\"$(SRCROOT)/../../cocos2dx/platform/third_party/android/prebuilt/libxml2/libs/armeabi\"",
					"\"$(SRCROOT)/../../cocos2dx/platform/third_party/android/prebuilt/libxml2/libs/armeabi-v7a\"",
					"\"$(SRCROOT)/../../cocos2dx/platform/third_party/android/prebuilt/libxml2/libs/x86\"",
					"\"$(SRCROOT)/../../cocos2dx/platform/third_party/blackberry/libraries/armle-v7\"",
					"\"$(SRCROOT)/../../cocos2dx/platform/third_party/blackberry/libraries/x86\"",
					"\"$(SRCROOT)/../../cocos2dx/platform/third_party/ios/libraries\"",
					"\"$(SRCROOT)/../../cocos2dx/platform/third_party/linux/libraries/lib64\"",
					"\"$(SRCROOT)/../../cocos2dx/platform/third_party/linux/libraries\"",
					"\"$(SRCROOT)/../../cocos2dx/platform/third_party/mac/libraries\"",
					"\"$(SRCROOT)/../../cocos2dx/platform/third_party/win32/libraries\"",
				);
				PRODUCT_NAME = Test;
				PROVISIONING_PROFILE = "";
				SDKROOT = iphoneos;
				TARGETED_DEVICE_FAMILY = "1,2";
				USER_HEADER_SEARCH_PATHS = "\"$(SRCROOT)/../../cocos2dx/include\" \"$(SRCROOT)/../../cocos2dx\" \"$(SRCROOT)/../../cocos2dx/platform\" \"$(SRCROOT)/../../cocos2dx/platform/ios\" \"$(SRCROOT)/../../cocos2dx/kazmath/include\"";
				VALID_ARCHS = "armv6 armv7 i386";
			};
			name = Debug;
		};
		1D6058950D05DD3E006BFB54 /* Release */ = {
			isa = XCBuildConfiguration;
			buildSettings = {
				ALWAYS_SEARCH_USER_PATHS = YES;
				ARCHS = "$(ARCHS_STANDARD_32_BIT)";
				CODE_SIGN_IDENTITY = "iPhone Developer";
				COPY_PHASE_STRIP = YES;
				GCC_INLINES_ARE_PRIVATE_EXTERN = NO;
				GCC_PRECOMPILE_PREFIX_HEADER = YES;
				GCC_PREFIX_HEADER = Test_Prefix.pch;
				GCC_PREPROCESSOR_DEFINITIONS = (
					USE_FILE32API,
					CC_TARGET_OS_IPHONE,
				);
				GCC_PREPROCESSOR_DEFINITIONS_NOT_USED_IN_PRECOMPS = "";
				GCC_SYMBOLS_PRIVATE_EXTERN = NO;
				GCC_VERSION = "";
				HEADER_SEARCH_PATHS = (
					"\"$(SDKROOT)/usr/include/libxml2/\"",
					"\"$(SRCROOT)/../../../../cocos2dx/include\"",
					"\"$(SRCROOT)/../../../../cocos2dx\"",
					"\"$(SRCROOT)/../../../../cocos2dx/platform/ios\"",
					"\"$(SRCROOT)/../../../../cocos2dx/kazmath/include\"",
					"$(SRCROOT)/../../../../external/chipmunk/include/chipmunk",
				);
				INFOPLIST_FILE = "Test-Info.plist";
				IPHONEOS_DEPLOYMENT_TARGET = 4.0;
				LIBRARY_SEARCH_PATHS = (
					"$(inherited)",
					"\"$(SRCROOT)/../../cocos2dx/platform/third_party/android/prebuilt/libcurl/libs/armeabi\"",
					"\"$(SRCROOT)/../../cocos2dx/platform/third_party/android/prebuilt/libcurl/libs/armeabi-v7a\"",
					"\"$(SRCROOT)/../../cocos2dx/platform/third_party/android/prebuilt/libcurl/libs/x86\"",
					"\"$(SRCROOT)/../../cocos2dx/platform/third_party/android/prebuilt/libjpeg/libs/armeabi\"",
					"\"$(SRCROOT)/../../cocos2dx/platform/third_party/android/prebuilt/libjpeg/libs/armeabi-v7a\"",
					"\"$(SRCROOT)/../../cocos2dx/platform/third_party/android/prebuilt/libjpeg/libs/x86\"",
					"\"$(SRCROOT)/../../cocos2dx/platform/third_party/android/prebuilt/libpng/libs/armeabi\"",
					"\"$(SRCROOT)/../../cocos2dx/platform/third_party/android/prebuilt/libpng/libs/armeabi-v7a\"",
					"\"$(SRCROOT)/../../cocos2dx/platform/third_party/android/prebuilt/libpng/libs/x86\"",
					"\"$(SRCROOT)/../../cocos2dx/platform/third_party/android/prebuilt/libtiff/libs/armeabi\"",
					"\"$(SRCROOT)/../../cocos2dx/platform/third_party/android/prebuilt/libtiff/libs/armeabi-v7a\"",
					"\"$(SRCROOT)/../../cocos2dx/platform/third_party/android/prebuilt/libtiff/libs/x86\"",
					"\"$(SRCROOT)/../../cocos2dx/platform/third_party/android/prebuilt/libwebp/libs/armeabi\"",
					"\"$(SRCROOT)/../../cocos2dx/platform/third_party/android/prebuilt/libwebp/libs/armeabi-v7a\"",
					"\"$(SRCROOT)/../../cocos2dx/platform/third_party/android/prebuilt/libwebp/libs/x86\"",
					"\"$(SRCROOT)/../../cocos2dx/platform/third_party/android/prebuilt/libxml2/libs/armeabi\"",
					"\"$(SRCROOT)/../../cocos2dx/platform/third_party/android/prebuilt/libxml2/libs/armeabi-v7a\"",
					"\"$(SRCROOT)/../../cocos2dx/platform/third_party/android/prebuilt/libxml2/libs/x86\"",
					"\"$(SRCROOT)/../../cocos2dx/platform/third_party/blackberry/libraries/armle-v7\"",
					"\"$(SRCROOT)/../../cocos2dx/platform/third_party/blackberry/libraries/x86\"",
					"\"$(SRCROOT)/../../cocos2dx/platform/third_party/ios/libraries\"",
					"\"$(SRCROOT)/../../cocos2dx/platform/third_party/linux/libraries/lib64\"",
					"\"$(SRCROOT)/../../cocos2dx/platform/third_party/linux/libraries\"",
					"\"$(SRCROOT)/../../cocos2dx/platform/third_party/mac/libraries\"",
					"\"$(SRCROOT)/../../cocos2dx/platform/third_party/win32/libraries\"",
				);
				PRODUCT_NAME = Test;
				PROVISIONING_PROFILE = "";
				SDKROOT = iphoneos;
				TARGETED_DEVICE_FAMILY = "1,2";
				USER_HEADER_SEARCH_PATHS = "\"$(SRCROOT)/../../cocos2dx/include\" \"$(SRCROOT)/../../cocos2dx\" \"$(SRCROOT)/../../cocos2dx/platform\" \"$(SRCROOT)/../../cocos2dx/platform/ios\" \"$(SRCROOT)/../../cocos2dx/kazmath/include\"";
				VALIDATE_PRODUCT = YES;
				VALID_ARCHS = "armv6 armv7 i386";
			};
			name = Release;
		};
		C01FCF4F08A954540054247B /* Debug */ = {
			isa = XCBuildConfiguration;
			buildSettings = {
				ARCHS = "$(ARCHS_STANDARD_32_BIT)";
				"CODE_SIGN_IDENTITY[sdk=iphoneos*]" = "iPhone Developer";
				GCC_C_LANGUAGE_STANDARD = c99;
				GCC_VERSION = "";
				GCC_WARN_ABOUT_RETURN_TYPE = YES;
				GCC_WARN_UNUSED_VARIABLE = YES;
				SDKROOT = iphoneos;
				VALID_ARCHS = "armv6 armv7 i386";
			};
			name = Debug;
		};
		C01FCF5008A954540054247B /* Release */ = {
			isa = XCBuildConfiguration;
			buildSettings = {
				ARCHS = "$(ARCHS_STANDARD_32_BIT)";
				"CODE_SIGN_IDENTITY[sdk=iphoneos*]" = "iPhone Developer";
				GCC_C_LANGUAGE_STANDARD = c99;
				GCC_VERSION = "";
				GCC_WARN_ABOUT_RETURN_TYPE = YES;
				GCC_WARN_UNUSED_VARIABLE = YES;
				OTHER_CFLAGS = "-DNS_BLOCK_ASSERTIONS=1";
				SDKROOT = iphoneos;
				VALID_ARCHS = "armv6 armv7 i386";
			};
			name = Release;
		};
/* End XCBuildConfiguration section */

/* Begin XCConfigurationList section */
		1D6058960D05DD3E006BFB54 /* Build configuration list for PBXNativeTarget "Test" */ = {
			isa = XCConfigurationList;
			buildConfigurations = (
				1D6058940D05DD3E006BFB54 /* Debug */,
				1D6058950D05DD3E006BFB54 /* Release */,
			);
			defaultConfigurationIsVisible = 0;
			defaultConfigurationName = Release;
		};
		C01FCF4E08A954540054247B /* Build configuration list for PBXProject "Test" */ = {
			isa = XCConfigurationList;
			buildConfigurations = (
				C01FCF4F08A954540054247B /* Debug */,
				C01FCF5008A954540054247B /* Release */,
			);
			defaultConfigurationIsVisible = 0;
			defaultConfigurationName = Release;
		};
/* End XCConfigurationList section */
	};
	rootObject = 29B97313FDCFA39411CA2CEA /* Project object */;
}
